
Microsoft Visual Studio Solution File, Format Version 12.00
# Visual Studio Version 16
VisualStudioVersion = 16.0.30717.126
MinimumVisualStudioVersion = 10.0.40219.1
Project("{FAE04EC0-301F-11D3-BF4B-00C04F79EFBC}") = "Palindrom.Test", "Palindrom.Test\Palindrom.Test.csproj", "{7A0B7240-832B-490E-AA56-490EC40E5907}"
EndProject
Project("{FAE04EC0-301F-11D3-BF4B-00C04F79EFBC}") = "Palindrom", "Palindrom\Palindrom.csproj", "{72CB517B-AA3D-4A5F-97A1-1772DCD52A38}"
EndProject
Global
	GlobalSection(SolutionConfigurationPlatforms) = preSolution
		Debug|Any CPU = Debug|Any CPU
		Release|Any CPU = Release|Any CPU
	EndGlobalSection
	GlobalSection(ProjectConfigurationPlatforms) = postSolution
		{7A0B7240-832B-490E-AA56-490EC40E5907}.Debug|Any CPU.ActiveCfg = Debug|Any CPU
		{7A0B7240-832B-490E-AA56-490EC40E5907}.Debug|Any CPU.Build.0 = Debug|Any CPU
		{7A0B7240-832B-490E-AA56-490EC40E5907}.Release|Any CPU.ActiveCfg = Release|Any CPU
		{7A0B7240-832B-490E-AA56-490EC40E5907}.Release|Any CPU.Build.0 = Release|Any CPU
		{72CB517B-AA3D-4A5F-97A1-1772DCD52A38}.Debug|Any CPU.ActiveCfg = Debug|Any CPU
		{72CB517B-AA3D-4A5F-97A1-1772DCD52A38}.Debug|Any CPU.Build.0 = Debug|Any CPU
		{72CB517B-AA3D-4A5F-97A1-1772DCD52A38}.Release|Any CPU.ActiveCfg = Release|Any CPU
		{72CB517B-AA3D-4A5F-97A1-1772DCD52A38}.Release|Any CPU.Build.0 = Release|Any CPU
	EndGlobalSection
	GlobalSection(SolutionProperties) = preSolution
		HideSolutionNode = FALSE
	EndGlobalSection
	GlobalSection(ExtensibilityGlobals) = postSolution
		SolutionGuid = {0F0AC362-4C6A-4B14-A78E-78D4C73CAB2C}
	EndGlobalSection
EndGlobal
